// !$*UTF8*$!
{
	archiveVersion = 1;
	classes = {
	};
	objectVersion = 50;
	objects = {

/* Begin PBXBuildFile section */
		2C58A3D9258ADCCC0000B27A /* CircleImage.swift in Sources */ = {isa = PBXBuildFile; fileRef = 2C58A3D8258ADCCC0000B27A /* CircleImage.swift */; };
		2C58A3DC258AE7AB0000B27A /* MapView.swift in Sources */ = {isa = PBXBuildFile; fileRef = 2C58A3DB258AE7AB0000B27A /* MapView.swift */; };
		2C9E2473259A97890049732B /* FavoriteButton.swift in Sources */ = {isa = PBXBuildFile; fileRef = 2C9E2472259A97890049732B /* FavoriteButton.swift */; };
		2C9E247A259AB10F0049732B /* HexagonParameters.swift in Sources */ = {isa = PBXBuildFile; fileRef = 2C9E2479259AB10F0049732B /* HexagonParameters.swift */; };
		2C9E247D259AB2760049732B /* BadgeBackground.swift in Sources */ = {isa = PBXBuildFile; fileRef = 2C9E247C259AB2760049732B /* BadgeBackground.swift */; };
		2C9E2481259AB6700049732B /* BadgeSymbol.swift in Sources */ = {isa = PBXBuildFile; fileRef = 2C9E2480259AB6700049732B /* BadgeSymbol.swift */; };
		2C9E2484259AB6A80049732B /* RotatedBadgeSymbol.swift in Sources */ = {isa = PBXBuildFile; fileRef = 2C9E2483259AB6A80049732B /* RotatedBadgeSymbol.swift */; };
		2C9E2487259AB7BE0049732B /* Badge.swift in Sources */ = {isa = PBXBuildFile; fileRef = 2C9E2486259AB7BE0049732B /* Badge.swift */; };
		2CA14A13258B2CF600DD2CFE /* landmarkData.json in Resources */ = {isa = PBXBuildFile; fileRef = 2CA14A12258B2CF600DD2CFE /* landmarkData.json */; };
		2CA14A16258B2D8100DD2CFE /* Landmark.swift in Sources */ = {isa = PBXBuildFile; fileRef = 2CA14A15258B2D8100DD2CFE /* Landmark.swift */; };
		2CA14A31258B2F6400DD2CFE /* ModelData.swift in Sources */ = {isa = PBXBuildFile; fileRef = 2CA14A30258B2F6400DD2CFE /* ModelData.swift */; };
		2CA14A3E258B322400DD2CFE /* LandmarkRow.swift in Sources */ = {isa = PBXBuildFile; fileRef = 2CA14A3D258B322400DD2CFE /* LandmarkRow.swift */; };
		2CA7F672258D7672000C66C1 /* LandmarkDetail.swift in Sources */ = {isa = PBXBuildFile; fileRef = 2CA7F671258D7672000C66C1 /* LandmarkDetail.swift */; };
		2CB2D5B6257D7F6C00807857 /* LandmarksApp.swift in Sources */ = {isa = PBXBuildFile; fileRef = 2CB2D5B5257D7F6C00807857 /* LandmarksApp.swift */; };
		2CB2D5B8257D7F6C00807857 /* ContentView.swift in Sources */ = {isa = PBXBuildFile; fileRef = 2CB2D5B7257D7F6C00807857 /* ContentView.swift */; };
		2CB2D5BA257D7F6E00807857 /* Assets.xcassets in Resources */ = {isa = PBXBuildFile; fileRef = 2CB2D5B9257D7F6E00807857 /* Assets.xcassets */; };
		2CB2D5BD257D7F6E00807857 /* Preview Assets.xcassets in Resources */ = {isa = PBXBuildFile; fileRef = 2CB2D5BC257D7F6E00807857 /* Preview Assets.xcassets */; };
		2CE2C3C4258C394E00A54BB0 /* LandmarkList.swift in Sources */ = {isa = PBXBuildFile; fileRef = 2CE2C3C3258C394E00A54BB0 /* LandmarkList.swift */; };
/* End PBXBuildFile section */

/* Begin PBXFileReference section */
		2C58A3D8258ADCCC0000B27A /* CircleImage.swift */ = {isa = PBXFileReference; lastKnownFileType = sourcecode.swift; path = CircleImage.swift; sourceTree = "<group>"; };
		2C58A3DB258AE7AB0000B27A /* MapView.swift */ = {isa = PBXFileReference; lastKnownFileType = sourcecode.swift; path = MapView.swift; sourceTree = "<group>"; };
		2C9E2472259A97890049732B /* FavoriteButton.swift */ = {isa = PBXFileReference; lastKnownFileType = sourcecode.swift; path = FavoriteButton.swift; sourceTree = "<group>"; };
		2C9E2479259AB10F0049732B /* HexagonParameters.swift */ = {isa = PBXFileReference; lastKnownFileType = sourcecode.swift; path = HexagonParameters.swift; sourceTree = "<group>"; };
		2C9E247C259AB2760049732B /* BadgeBackground.swift */ = {isa = PBXFileReference; lastKnownFileType = sourcecode.swift; path = BadgeBackground.swift; sourceTree = "<group>"; };
		2C9E2480259AB6700049732B /* BadgeSymbol.swift */ = {isa = PBXFileReference; lastKnownFileType = sourcecode.swift; path = BadgeSymbol.swift; sourceTree = "<group>"; };
		2C9E2483259AB6A80049732B /* RotatedBadgeSymbol.swift */ = {isa = PBXFileReference; lastKnownFileType = sourcecode.swift; path = RotatedBadgeSymbol.swift; sourceTree = "<group>"; };
		2C9E2486259AB7BE0049732B /* Badge.swift */ = {isa = PBXFileReference; lastKnownFileType = sourcecode.swift; path = Badge.swift; sourceTree = "<group>"; };
		2CA14A12258B2CF600DD2CFE /* landmarkData.json */ = {isa = PBXFileReference; fileEncoding = 4; lastKnownFileType = text.json; path = landmarkData.json; sourceTree = "<group>"; };
		2CA14A15258B2D8100DD2CFE /* Landmark.swift */ = {isa = PBXFileReference; lastKnownFileType = sourcecode.swift; path = Landmark.swift; sourceTree = "<group>"; };
		2CA14A30258B2F6400DD2CFE /* ModelData.swift */ = {isa = PBXFileReference; lastKnownFileType = sourcecode.swift; path = ModelData.swift; sourceTree = "<group>"; };
		2CA14A3D258B322400DD2CFE /* LandmarkRow.swift */ = {isa = PBXFileReference; lastKnownFileType = sourcecode.swift; path = LandmarkRow.swift; sourceTree = "<group>"; };
		2CA7F671258D7672000C66C1 /* LandmarkDetail.swift */ = {isa = PBXFileReference; lastKnownFileType = sourcecode.swift; path = LandmarkDetail.swift; sourceTree = "<group>"; };
		2CB2D5B2257D7F6C00807857 /* Landmarks.app */ = {isa = PBXFileReference; explicitFileType = wrapper.application; includeInIndex = 0; path = Landmarks.app; sourceTree = BUILT_PRODUCTS_DIR; };
		2CB2D5B5257D7F6C00807857 /* LandmarksApp.swift */ = {isa = PBXFileReference; lastKnownFileType = sourcecode.swift; path = LandmarksApp.swift; sourceTree = "<group>"; };
		2CB2D5B7257D7F6C00807857 /* ContentView.swift */ = {isa = PBXFileReference; lastKnownFileType = sourcecode.swift; path = ContentView.swift; sourceTree = "<group>"; };
		2CB2D5B9257D7F6E00807857 /* Assets.xcassets */ = {isa = PBXFileReference; lastKnownFileType = folder.assetcatalog; path = Assets.xcassets; sourceTree = "<group>"; };
		2CB2D5BC257D7F6E00807857 /* Preview Assets.xcassets */ = {isa = PBXFileReference; lastKnownFileType = folder.assetcatalog; path = "Preview Assets.xcassets"; sourceTree = "<group>"; };
		2CB2D5BE257D7F6E00807857 /* Info.plist */ = {isa = PBXFileReference; lastKnownFileType = text.plist.xml; path = Info.plist; sourceTree = "<group>"; };
		2CE2C3C3258C394E00A54BB0 /* LandmarkList.swift */ = {isa = PBXFileReference; lastKnownFileType = sourcecode.swift; path = LandmarkList.swift; sourceTree = "<group>"; };
/* End PBXFileReference section */

/* Begin PBXFrameworksBuildPhase section */
		2CB2D5AF257D7F6C00807857 /* Frameworks */ = {
			isa = PBXFrameworksBuildPhase;
			buildActionMask = 2147483647;
			files = (
			);
			runOnlyForDeploymentPostprocessing = 0;
		};
/* End PBXFrameworksBuildPhase section */

/* Begin PBXGroup section */
		2C9E2475259A9B040049732B /* Helpers */ = {
			isa = PBXGroup;
			children = (
				2C58A3D8258ADCCC0000B27A /* CircleImage.swift */,
				2C9E2472259A97890049732B /* FavoriteButton.swift */,
				2C58A3DB258AE7AB0000B27A /* MapView.swift */,
			);
			path = Helpers;
			sourceTree = "<group>";
		};
		2C9E2477259A9B140049732B /* Landmarks */ = {
			isa = PBXGroup;
			children = (
				2CA7F671258D7672000C66C1 /* LandmarkDetail.swift */,
				2CA14A3D258B322400DD2CFE /* LandmarkRow.swift */,
				2CE2C3C3258C394E00A54BB0 /* LandmarkList.swift */,
			);
			path = Landmarks;
			sourceTree = "<group>";
		};
		2C9E2489259AB94B0049732B /* Badges */ = {
			isa = PBXGroup;
			children = (
				2C9E2479259AB10F0049732B /* HexagonParameters.swift */,
				2C9E247C259AB2760049732B /* BadgeBackground.swift */,
				2C9E2480259AB6700049732B /* BadgeSymbol.swift */,
				2C9E2483259AB6A80049732B /* RotatedBadgeSymbol.swift */,
				2C9E2486259AB7BE0049732B /* Badge.swift */,
			);
			path = Badges;
			sourceTree = "<group>";
		};
		2CA14A35258B307B00DD2CFE /* Resources */ = {
			isa = PBXGroup;
			children = (
				2CA14A12258B2CF600DD2CFE /* landmarkData.json */,
			);
			path = Resources;
			sourceTree = "<group>";
		};
		2CA14A37258B309F00DD2CFE /* Views */ = {
			isa = PBXGroup;
			children = (
				2C9E2489259AB94B0049732B /* Badges */,
				2CB2D5B7257D7F6C00807857 /* ContentView.swift */,
				2C9E2475259A9B040049732B /* Helpers */,
				2C9E2477259A9B140049732B /* Landmarks */,
			);
			path = Views;
			sourceTree = "<group>";
		};
		2CA14A3B258B30C000DD2CFE /* Model */ = {
			isa = PBXGroup;
			children = (
				2CA14A15258B2D8100DD2CFE /* Landmark.swift */,
				2CA14A30258B2F6400DD2CFE /* ModelData.swift */,
			);
			path = Model;
			sourceTree = "<group>";
		};
		2CB2D5A9257D7F6C00807857 = {
			isa = PBXGroup;
			children = (
				2CB2D5B4257D7F6C00807857 /* Landmarks */,
				2CB2D5B3257D7F6C00807857 /* Products */,
			);
			sourceTree = "<group>";
		};
		2CB2D5B3257D7F6C00807857 /* Products */ = {
			isa = PBXGroup;
			children = (
				2CB2D5B2257D7F6C00807857 /* Landmarks.app */,
			);
			name = Products;
			sourceTree = "<group>";
		};
		2CB2D5B4257D7F6C00807857 /* Landmarks */ = {
			isa = PBXGroup;
			children = (
				2CB2D5B5257D7F6C00807857 /* LandmarksApp.swift */,
				2CA14A37258B309F00DD2CFE /* Views */,
				2CA14A35258B307B00DD2CFE /* Resources */,
				2CA14A3B258B30C000DD2CFE /* Model */,
				2CB2D5B9257D7F6E00807857 /* Assets.xcassets */,
				2CB2D5BE257D7F6E00807857 /* Info.plist */,
				2CB2D5BB257D7F6E00807857 /* Preview Content */,
			);
			path = Landmarks;
			sourceTree = "<group>";
		};
		2CB2D5BB257D7F6E00807857 /* Preview Content */ = {
			isa = PBXGroup;
			children = (
				2CB2D5BC257D7F6E00807857 /* Preview Assets.xcassets */,
			);
			path = "Preview Content";
			sourceTree = "<group>";
		};
/* End PBXGroup section */

/* Begin PBXNativeTarget section */
		2CB2D5B1257D7F6C00807857 /* Landmarks */ = {
			isa = PBXNativeTarget;
			buildConfigurationList = 2CB2D5C1257D7F6E00807857 /* Build configuration list for PBXNativeTarget "Landmarks" */;
			buildPhases = (
				2CB2D5AE257D7F6C00807857 /* Sources */,
				2CB2D5AF257D7F6C00807857 /* Frameworks */,
				2CB2D5B0257D7F6C00807857 /* Resources */,
			);
			buildRules = (
			);
			dependencies = (
			);
			name = Landmarks;
			productName = Landmarks;
			productReference = 2CB2D5B2257D7F6C00807857 /* Landmarks.app */;
			productType = "com.apple.product-type.application";
		};
/* End PBXNativeTarget section */

/* Begin PBXProject section */
		2CB2D5AA257D7F6C00807857 /* Project object */ = {
			isa = PBXProject;
			attributes = {
				LastSwiftUpdateCheck = 1220;
				LastUpgradeCheck = 1220;
				TargetAttributes = {
					2CB2D5B1257D7F6C00807857 = {
						CreatedOnToolsVersion = 12.2;
					};
				};
			};
			buildConfigurationList = 2CB2D5AD257D7F6C00807857 /* Build configuration list for PBXProject "Landmarks" */;
			compatibilityVersion = "Xcode 9.3";
			developmentRegion = en;
			hasScannedForEncodings = 0;
			knownRegions = (
				en,
				Base,
			);
			mainGroup = 2CB2D5A9257D7F6C00807857;
			productRefGroup = 2CB2D5B3257D7F6C00807857 /* Products */;
			projectDirPath = "";
			projectRoot = "";
			targets = (
				2CB2D5B1257D7F6C00807857 /* Landmarks */,
			);
		};
/* End PBXProject section */

/* Begin PBXResourcesBuildPhase section */
		2CB2D5B0257D7F6C00807857 /* Resources */ = {
			isa = PBXResourcesBuildPhase;
			buildActionMask = 2147483647;
			files = (
				2CB2D5BD257D7F6E00807857 /* Preview Assets.xcassets in Resources */,
				2CB2D5BA257D7F6E00807857 /* Assets.xcassets in Resources */,
				2CA14A13258B2CF600DD2CFE /* landmarkData.json in Resources */,
			);
			runOnlyForDeploymentPostprocessing = 0;
		};
/* End PBXResourcesBuildPhase section */

/* Begin PBXSourcesBuildPhase section */
		2CB2D5AE257D7F6C00807857 /* Sources */ = {
			isa = PBXSourcesBuildPhase;
			buildActionMask = 2147483647;
			files = (
				2CB2D5B8257D7F6C00807857 /* ContentView.swift in Sources */,
				2C9E2487259AB7BE0049732B /* Badge.swift in Sources */,
				2C58A3DC258AE7AB0000B27A /* MapView.swift in Sources */,
				2CB2D5B6257D7F6C00807857 /* LandmarksApp.swift in Sources */,
				2C9E2473259A97890049732B /* FavoriteButton.swift in Sources */,
				2C9E247A259AB10F0049732B /* HexagonParameters.swift in Sources */,
				2C9E2484259AB6A80049732B /* RotatedBadgeSymbol.swift in Sources */,
				2C9E2481259AB6700049732B /* BadgeSymbol.swift in Sources */,
				2CE2C3C4258C394E00A54BB0 /* LandmarkList.swift in Sources */,
				2CA7F672258D7672000C66C1 /* LandmarkDetail.swift in Sources */,
				2C9E247D259AB2760049732B /* BadgeBackground.swift in Sources */,
				2C58A3D9258ADCCC0000B27A /* CircleImage.swift in Sources */,
				2CA14A16258B2D8100DD2CFE /* Landmark.swift in Sources */,
				2CA14A3E258B322400DD2CFE /* LandmarkRow.swift in Sources */,
				2CA14A31258B2F6400DD2CFE /* ModelData.swift in Sources */,
			);
			runOnlyForDeploymentPostprocessing = 0;
		};
/* End PBXSourcesBuildPhase section */

/* Begin XCBuildConfiguration section */
		2CB2D5BF257D7F6E00807857 /* Debug */ = {
			isa = XCBuildConfiguration;
			buildSettings = {
				ALWAYS_SEARCH_USER_PATHS = NO;
				CLANG_ANALYZER_NONNULL = YES;
				CLANG_ANALYZER_NUMBER_OBJECT_CONVERSION = YES_AGGRESSIVE;
				CLANG_CXX_LANGUAGE_STANDARD = "gnu++14";
				CLANG_CXX_LIBRARY = "libc++";
				CLANG_ENABLE_MODULES = YES;
				CLANG_ENABLE_OBJC_ARC = YES;
				CLANG_ENABLE_OBJC_WEAK = YES;
				CLANG_WARN_BLOCK_CAPTURE_AUTORELEASING = YES;
				CLANG_WARN_BOOL_CONVERSION = YES;
				CLANG_WARN_COMMA = YES;
				CLANG_WARN_CONSTANT_CONVERSION = YES;
				CLANG_WARN_DEPRECATED_OBJC_IMPLEMENTATIONS = YES;
				CLANG_WARN_DIRECT_OBJC_ISA_USAGE = YES_ERROR;
				CLANG_WARN_DOCUMENTATION_COMMENTS = YES;
				CLANG_WARN_EMPTY_BODY = YES;
				CLANG_WARN_ENUM_CONVERSION = YES;
				CLANG_WARN_INFINITE_RECURSION = YES;
				CLANG_WARN_INT_CONVERSION = YES;
				CLANG_WARN_NON_LITERAL_NULL_CONVERSION = YES;
				CLANG_WARN_OBJC_IMPLICIT_RETAIN_SELF = YES;
				CLANG_WARN_OBJC_LITERAL_CONVERSION = YES;
				CLANG_WARN_OBJC_ROOT_CLASS = YES_ERROR;
				CLANG_WARN_QUOTED_INCLUDE_IN_FRAMEWORK_HEADER = YES;
				CLANG_WARN_RANGE_LOOP_ANALYSIS = YES;
				CLANG_WARN_STRICT_PROTOTYPES = YES;
				CLANG_WARN_SUSPICIOUS_MOVE = YES;
				CLANG_WARN_UNGUARDED_AVAILABILITY = YES_AGGRESSIVE;
				CLANG_WARN_UNREACHABLE_CODE = YES;
				CLANG_WARN__DUPLICATE_METHOD_MATCH = YES;
				COPY_PHASE_STRIP = NO;
				DEBUG_INFORMATION_FORMAT = dwarf;
				ENABLE_STRICT_OBJC_MSGSEND = YES;
				ENABLE_TESTABILITY = YES;
				GCC_C_LANGUAGE_STANDARD = gnu11;
				GCC_DYNAMIC_NO_PIC = NO;
				GCC_NO_COMMON_BLOCKS = YES;
				GCC_OPTIMIZATION_LEVEL = 0;
				GCC_PREPROCESSOR_DEFINITIONS = (
					"DEBUG=1",
					"$(inherited)",
				);
				GCC_WARN_64_TO_32_BIT_CONVERSION = YES;
				GCC_WARN_ABOUT_RETURN_TYPE = YES_ERROR;
				GCC_WARN_UNDECLARED_SELECTOR = YES;
				GCC_WARN_UNINITIALIZED_AUTOS = YES_AGGRESSIVE;
				GCC_WARN_UNUSED_FUNCTION = YES;
				GCC_WARN_UNUSED_VARIABLE = YES;
				IPHONEOS_DEPLOYMENT_TARGET = 14.2;
				MTL_ENABLE_DEBUG_INFO = INCLUDE_SOURCE;
				MTL_FAST_MATH = YES;
				ONLY_ACTIVE_ARCH = YES;
				SDKROOT = iphoneos;
				SWIFT_ACTIVE_COMPILATION_CONDITIONS = DEBUG;
				SWIFT_OPTIMIZATION_LEVEL = "-Onone";
			};
			name = Debug;
		};
		2CB2D5C0257D7F6E00807857 /* Release */ = {
			isa = XCBuildConfiguration;
			buildSettings = {
				ALWAYS_SEARCH_USER_PATHS = NO;
				CLANG_ANALYZER_NONNULL = YES;
				CLANG_ANALYZER_NUMBER_OBJECT_CONVERSION = YES_AGGRESSIVE;
				CLANG_CXX_LANGUAGE_STANDARD = "gnu++14";
				CLANG_CXX_LIBRARY = "libc++";
				CLANG_ENABLE_MODULES = YES;
				CLANG_ENABLE_OBJC_ARC = YES;
				CLANG_ENABLE_OBJC_WEAK = YES;
				CLANG_WARN_BLOCK_CAPTURE_AUTORELEASING = YES;
				CLANG_WARN_BOOL_CONVERSION = YES;
				CLANG_WARN_COMMA = YES;
				CLANG_WARN_CONSTANT_CONVERSION = YES;
				CLANG_WARN_DEPRECATED_OBJC_IMPLEMENTATIONS = YES;
				CLANG_WARN_DIRECT_OBJC_ISA_USAGE = YES_ERROR;
				CLANG_WARN_DOCUMENTATION_COMMENTS = YES;
				CLANG_WARN_EMPTY_BODY = YES;
				CLANG_WARN_ENUM_CONVERSION = YES;
				CLANG_WARN_INFINITE_RECURSION = YES;
				CLANG_WARN_INT_CONVERSION = YES;
				CLANG_WARN_NON_LITERAL_NULL_CONVERSION = YES;
				CLANG_WARN_OBJC_IMPLICIT_RETAIN_SELF = YES;
				CLANG_WARN_OBJC_LITERAL_CONVERSION = YES;
				CLANG_WARN_OBJC_ROOT_CLASS = YES_ERROR;
				CLANG_WARN_QUOTED_INCLUDE_IN_FRAMEWORK_HEADER = YES;
				CLANG_WARN_RANGE_LOOP_ANALYSIS = YES;
				CLANG_WARN_STRICT_PROTOTYPES = YES;
				CLANG_WARN_SUSPICIOUS_MOVE = YES;
				CLANG_WARN_UNGUARDED_AVAILABILITY = YES_AGGRESSIVE;
				CLANG_WARN_UNREACHABLE_CODE = YES;
				CLANG_WARN__DUPLICATE_METHOD_MATCH = YES;
				COPY_PHASE_STRIP = NO;
				DEBUG_INFORMATION_FORMAT = "dwarf-with-dsym";
				ENABLE_NS_ASSERTIONS = NO;
				ENABLE_STRICT_OBJC_MSGSEND = YES;
				GCC_C_LANGUAGE_STANDARD = gnu11;
				GCC_NO_COMMON_BLOCKS = YES;
				GCC_WARN_64_TO_32_BIT_CONVERSION = YES;
				GCC_WARN_ABOUT_RETURN_TYPE = YES_ERROR;
				GCC_WARN_UNDECLARED_SELECTOR = YES;
				GCC_WARN_UNINITIALIZED_AUTOS = YES_AGGRESSIVE;
				GCC_WARN_UNUSED_FUNCTION = YES;
				GCC_WARN_UNUSED_VARIABLE = YES;
				IPHONEOS_DEPLOYMENT_TARGET = 14.2;
				MTL_ENABLE_DEBUG_INFO = NO;
				MTL_FAST_MATH = YES;
				SDKROOT = iphoneos;
				SWIFT_COMPILATION_MODE = wholemodule;
				SWIFT_OPTIMIZATION_LEVEL = "-O";
				VALIDATE_PRODUCT = YES;
			};
			name = Release;
		};
		2CB2D5C2257D7F6E00807857 /* Debug */ = {
			isa = XCBuildConfiguration;
			buildSettings = {
				ASSETCATALOG_COMPILER_APPICON_NAME = AppIcon;
				ASSETCATALOG_COMPILER_GLOBAL_ACCENT_COLOR_NAME = AccentColor;
				CODE_SIGN_IDENTITY = "Apple Development";
				CODE_SIGN_STYLE = Automatic;
				DEVELOPMENT_ASSET_PATHS = "\"Landmarks/Preview Content\"";
				DEVELOPMENT_TEAM = PLTZZ96VX3;
				ENABLE_PREVIEWS = YES;
				INFOPLIST_FILE = Landmarks/Info.plist;
				IPHONEOS_DEPLOYMENT_TARGET = 14.0;
				LD_RUNPATH_SEARCH_PATHS = (
					"$(inherited)",
					"@executable_path/Frameworks",
				);
				PRODUCT_BUNDLE_IDENTIFIER = com.42clients.Landmarks;
				PRODUCT_NAME = "$(TARGET_NAME)";
				PROVISIONING_PROFILE_SPECIFIER = "";
				SWIFT_VERSION = 5.0;
				TARGETED_DEVICE_FAMILY = "1,2";
			};
			name = Debug;
		};
		2CB2D5C3257D7F6E00807857 /* Release */ = {
			isa = XCBuildConfiguration;
			buildSettings = {
				ASSETCATALOG_COMPILER_APPICON_NAME = AppIcon;
				ASSETCATALOG_COMPILER_GLOBAL_ACCENT_COLOR_NAME = AccentColor;
				CODE_SIGN_IDENTITY = "Apple Development";
				CODE_SIGN_STYLE = Automatic;
				DEVELOPMENT_ASSET_PATHS = "\"Landmarks/Preview Content\"";
				DEVELOPMENT_TEAM = PLTZZ96VX3;
				ENABLE_PREVIEWS = YES;
				INFOPLIST_FILE = Landmarks/Info.plist;
				IPHONEOS_DEPLOYMENT_TARGET = 14.0;
				LD_RUNPATH_SEARCH_PATHS = (
					"$(inherited)",
					"@executable_path/Frameworks",
				);
				PRODUCT_BUNDLE_IDENTIFIER = com.42clients.Landmarks;
				PRODUCT_NAME = "$(TARGET_NAME)";
				PROVISIONING_PROFILE_SPECIFIER = "";
				SWIFT_VERSION = 5.0;
				TARGETED_DEVICE_FAMILY = "1,2";
			};
			name = Release;
		};
/* End XCBuildConfiguration section */

/* Begin XCConfigurationList section */
		2CB2D5AD257D7F6C00807857 /* Build configuration list for PBXProject "Landmarks" */ = {
			isa = XCConfigurationList;
			buildConfigurations = (
				2CB2D5BF257D7F6E00807857 /* Debug */,
				2CB2D5C0257D7F6E00807857 /* Release */,
			);
			defaultConfigurationIsVisible = 0;
			defaultConfigurationName = Release;
		};
		2CB2D5C1257D7F6E00807857 /* Build configuration list for PBXNativeTarget "Landmarks" */ = {
			isa = XCConfigurationList;
			buildConfigurations = (
				2CB2D5C2257D7F6E00807857 /* Debug */,
				2CB2D5C3257D7F6E00807857 /* Release */,
			);
			defaultConfigurationIsVisible = 0;
			defaultConfigurationName = Release;
		};
/* End XCConfigurationList section */
	};
	rootObject = 2CB2D5AA257D7F6C00807857 /* Project object */;
}
